Microsoft Visual Studio Solution File, Format Version 12.00
# Visual Studio Version 17
VisualStudioVersion = 17.5.2.0
MinimumVisualStudioVersion = 10.0.40219.1
Project("{FAE04EC0-301F-11D3-BF4B-00C04F79EFBC}") = "DotNetTodoApi", "DotNetTodoApi.csproj", "{883940D1-921F-8B3C-E251-EB93779A275B}"
EndProject
Global
	GlobalSection(SolutionConfigurationPlatforms) = preSolution
		Debug|Any CPU = Debug|Any CPU
		Release|Any CPU = Release|Any CPU
	EndGlobalSection
	GlobalSection(ProjectConfigurationPlatforms) = postSolution
		{883940D1-921F-8B3C-E251-EB93779A275B}.Debug|Any CPU.ActiveCfg = Debug|Any CPU
		{883940D1-921F-8B3C-E251-EB93779A275B}.Debug|Any CPU.Build.0 = Debug|Any CPU
		{883940D1-921F-8B3C-E251-EB93779A275B}.Release|Any CPU.ActiveCfg = Release|Any CPU
		{883940D1-921F-8B3C-E251-EB93779A275B}.Release|Any CPU.Build.0 = Release|Any CPU
	EndGlobalSection
	GlobalSection(SolutionProperties) = preSolution
		HideSolutionNode = FALSE
	EndGlobalSection
	GlobalSection(ExtensibilityGlobals) = postSolution
		SolutionGuid = {B4702CE2-997E-4E78-BB0A-BD88E89C1960}
	EndGlobalSection
EndGlobal
